// !$*UTF8*$!
{
	archiveVersion = 1;
	classes = {
	};
	objectVersion = 50;
	objects = {

/* Begin PBXBuildFile section */
		04909C04237FCD390067F31A /* AppDelegate.m in Sources */ = {isa = PBXBuildFile; fileRef = 04909C03237FCD390067F31A /* AppDelegate.m */; };
		04909C07237FCD390067F31A /* SceneDelegate.m in Sources */ = {isa = PBXBuildFile; fileRef = 04909C06237FCD390067F31A /* SceneDelegate.m */; };
		04909C0A237FCD390067F31A /* ViewController.m in Sources */ = {isa = PBXBuildFile; fileRef = 04909C09237FCD390067F31A /* ViewController.m */; };
		04909C0D237FCD390067F31A /* Main.storyboard in Resources */ = {isa = PBXBuildFile; fileRef = 04909C0B237FCD390067F31A /* Main.storyboard */; };
		04909C0F237FCD3E0067F31A /* Assets.xcassets in Resources */ = {isa = PBXBuildFile; fileRef = 04909C0E237FCD3E0067F31A /* Assets.xcassets */; };
		04909C12237FCD3E0067F31A /* LaunchScreen.storyboard in Resources */ = {isa = PBXBuildFile; fileRef = 04909C10237FCD3E0067F31A /* LaunchScreen.storyboard */; };
		04909C15237FCD3E0067F31A /* main.m in Sources */ = {isa = PBXBuildFile; fileRef = 04909C14237FCD3E0067F31A /* main.m */; };
		04909C1F237FCD3E0067F31A /* CircleProgressViewTests.m in Sources */ = {isa = PBXBuildFile; fileRef = 04909C1E237FCD3E0067F31A /* CircleProgressViewTests.m */; };
		04909C2A237FCD3F0067F31A /* CircleProgressViewUITests.m in Sources */ = {isa = PBXBuildFile; fileRef = 04909C29237FCD3F0067F31A /* CircleProgressViewUITests.m */; };
		04909C39237FCD700067F31A /* CircleProgressView.m in Sources */ = {isa = PBXBuildFile; fileRef = 04909C38237FCD700067F31A /* CircleProgressView.m */; };
/* End PBXBuildFile section */

/* Begin PBXContainerItemProxy section */
		04909C1B237FCD3E0067F31A /* PBXContainerItemProxy */ = {
			isa = PBXContainerItemProxy;
			containerPortal = 04909BF7237FCD390067F31A /* Project object */;
			proxyType = 1;
			remoteGlobalIDString = 04909BFE237FCD390067F31A;
			remoteInfo = CircleProgressView;
		};
		04909C26237FCD3F0067F31A /* PBXContainerItemProxy */ = {
			isa = PBXContainerItemProxy;
			containerPortal = 04909BF7237FCD390067F31A /* Project object */;
			proxyType = 1;
			remoteGlobalIDString = 04909BFE237FCD390067F31A;
			remoteInfo = CircleProgressView;
		};
/* End PBXContainerItemProxy section */

/* Begin PBXFileReference section */
		04909BFF237FCD390067F31A /* CircleProgressView.app */ = {isa = PBXFileReference; explicitFileType = wrapper.application; includeInIndex = 0; path = CircleProgressView.app; sourceTree = BUILT_PRODUCTS_DIR; };
		04909C02237FCD390067F31A /* AppDelegate.h */ = {isa = PBXFileReference; lastKnownFileType = sourcecode.c.h; path = AppDelegate.h; sourceTree = "<group>"; };
		04909C03237FCD390067F31A /* AppDelegate.m */ = {isa = PBXFileReference; lastKnownFileType = sourcecode.c.objc; path = AppDelegate.m; sourceTree = "<group>"; };
		04909C05237FCD390067F31A /* SceneDelegate.h */ = {isa = PBXFileReference; lastKnownFileType = sourcecode.c.h; path = SceneDelegate.h; sourceTree = "<group>"; };
		04909C06237FCD390067F31A /* SceneDelegate.m */ = {isa = PBXFileReference; lastKnownFileType = sourcecode.c.objc; path = SceneDelegate.m; sourceTree = "<group>"; };
		04909C08237FCD390067F31A /* ViewController.h */ = {isa = PBXFileReference; lastKnownFileType = sourcecode.c.h; path = ViewController.h; sourceTree = "<group>"; };
		04909C09237FCD390067F31A /* ViewController.m */ = {isa = PBXFileReference; lastKnownFileType = sourcecode.c.objc; path = ViewController.m; sourceTree = "<group>"; };
		04909C0C237FCD390067F31A /* Base */ = {isa = PBXFileReference; lastKnownFileType = file.storyboard; name = Base; path = Base.lproj/Main.storyboard; sourceTree = "<group>"; };
		04909C0E237FCD3E0067F31A /* Assets.xcassets */ = {isa = PBXFileReference; lastKnownFileType = folder.assetcatalog; path = Assets.xcassets; sourceTree = "<group>"; };
		04909C11237FCD3E0067F31A /* Base */ = {isa = PBXFileReference; lastKnownFileType = file.storyboard; name = Base; path = Base.lproj/LaunchScreen.storyboard; sourceTree = "<group>"; };
		04909C13237FCD3E0067F31A /* Info.plist */ = {isa = PBXFileReference; lastKnownFileType = text.plist.xml; path = Info.plist; sourceTree = "<group>"; };
		04909C14237FCD3E0067F31A /* main.m */ = {isa = PBXFileReference; lastKnownFileType = sourcecode.c.objc; path = main.m; sourceTree = "<group>"; };
		04909C1A237FCD3E0067F31A /* CircleProgressViewTests.xctest */ = {isa = PBXFileReference; explicitFileType = wrapper.cfbundle; includeInIndex = 0; path = CircleProgressViewTests.xctest; sourceTree = BUILT_PRODUCTS_DIR; };
		04909C1E237FCD3E0067F31A /* CircleProgressViewTests.m */ = {isa = PBXFileReference; lastKnownFileType = sourcecode.c.objc; path = CircleProgressViewTests.m; sourceTree = "<group>"; };
		04909C20237FCD3E0067F31A /* Info.plist */ = {isa = PBXFileReference; lastKnownFileType = text.plist.xml; path = Info.plist; sourceTree = "<group>"; };
		04909C25237FCD3F0067F31A /* CircleProgressViewUITests.xctest */ = {isa = PBXFileReference; explicitFileType = wrapper.cfbundle; includeInIndex = 0; path = CircleProgressViewUITests.xctest; sourceTree = BUILT_PRODUCTS_DIR; };
		04909C29237FCD3F0067F31A /* CircleProgressViewUITests.m */ = {isa = PBXFileReference; lastKnownFileType = sourcecode.c.objc; path = CircleProgressViewUITests.m; sourceTree = "<group>"; };
		04909C2B237FCD3F0067F31A /* Info.plist */ = {isa = PBXFileReference; lastKnownFileType = text.plist.xml; path = Info.plist; sourceTree = "<group>"; };
		04909C37237FCD700067F31A /* CircleProgressView.h */ = {isa = PBXFileReference; lastKnownFileType = sourcecode.c.h; path = CircleProgressView.h; sourceTree = "<group>"; };
		04909C38237FCD700067F31A /* CircleProgressView.m */ = {isa = PBXFileReference; lastKnownFileType = sourcecode.c.objc; path = CircleProgressView.m; sourceTree = "<group>"; };
/* End PBXFileReference section */

/* Begin PBXFrameworksBuildPhase section */
		04909BFC237FCD390067F31A /* Frameworks */ = {
			isa = PBXFrameworksBuildPhase;
			buildActionMask = 2147483647;
			files = (
			);
			runOnlyForDeploymentPostprocessing = 0;
		};
		04909C17237FCD3E0067F31A /* Frameworks */ = {
			isa = PBXFrameworksBuildPhase;
			buildActionMask = 2147483647;
			files = (
			);
			runOnlyForDeploymentPostprocessing = 0;
		};
		04909C22237FCD3F0067F31A /* Frameworks */ = {
			isa = PBXFrameworksBuildPhase;
			buildActionMask = 2147483647;
			files = (
			);
			runOnlyForDeploymentPostprocessing = 0;
		};
/* End PBXFrameworksBuildPhase section */

/* Begin PBXGroup section */
		04909BF6237FCD390067F31A = {
			isa = PBXGroup;
			children = (
				04909C01237FCD390067F31A /* CircleProgressView */,
				04909C1D237FCD3E0067F31A /* CircleProgressViewTests */,
				04909C28237FCD3F0067F31A /* CircleProgressViewUITests */,
				04909C00237FCD390067F31A /* Products */,
			);
			sourceTree = "<group>";
		};
		04909C00237FCD390067F31A /* Products */ = {
			isa = PBXGroup;
			children = (
				04909BFF237FCD390067F31A /* CircleProgressView.app */,
				04909C1A237FCD3E0067F31A /* CircleProgressViewTests.xctest */,
				04909C25237FCD3F0067F31A /* CircleProgressViewUITests.xctest */,
			);
			name = Products;
			sourceTree = "<group>";
		};
		04909C01237FCD390067F31A /* CircleProgressView */ = {
			isa = PBXGroup;
			children = (
				04909C02237FCD390067F31A /* AppDelegate.h */,
				04909C03237FCD390067F31A /* AppDelegate.m */,
				04909C05237FCD390067F31A /* SceneDelegate.h */,
				04909C06237FCD390067F31A /* SceneDelegate.m */,
				04909C08237FCD390067F31A /* ViewController.h */,
				04909C09237FCD390067F31A /* ViewController.m */,
				04909C37237FCD700067F31A /* CircleProgressView.h */,
				04909C38237FCD700067F31A /* CircleProgressView.m */,
				04909C0B237FCD390067F31A /* Main.storyboard */,
				04909C0E237FCD3E0067F31A /* Assets.xcassets */,
				04909C10237FCD3E0067F31A /* LaunchScreen.storyboard */,
				04909C13237FCD3E0067F31A /* Info.plist */,
				04909C14237FCD3E0067F31A /* main.m */,
			);
			path = CircleProgressView;
			sourceTree = "<group>";
		};
		04909C1D237FCD3E0067F31A /* CircleProgressViewTests */ = {
			isa = PBXGroup;
			children = (
				04909C1E237FCD3E0067F31A /* CircleProgressViewTests.m */,
				04909C20237FCD3E0067F31A /* Info.plist */,
			);
			path = CircleProgressViewTests;
			sourceTree = "<group>";
		};
		04909C28237FCD3F0067F31A /* CircleProgressViewUITests */ = {
			isa = PBXGroup;
			children = (
				04909C29237FCD3F0067F31A /* CircleProgressViewUITests.m */,
				04909C2B237FCD3F0067F31A /* Info.plist */,
			);
			path = CircleProgressViewUITests;
			sourceTree = "<group>";
		};
/* End PBXGroup section */

/* Begin PBXNativeTarget section */
		04909BFE237FCD390067F31A /* CircleProgressView */ = {
			isa = PBXNativeTarget;
			buildConfigurationList = 04909C2E237FCD3F0067F31A /* Build configuration list for PBXNativeTarget "CircleProgressView" */;
			buildPhases = (
				04909BFB237FCD390067F31A /* Sources */,
				04909BFC237FCD390067F31A /* Frameworks */,
				04909BFD237FCD390067F31A /* Resources */,
			);
			buildRules = (
			);
			dependencies = (
			);
			name = CircleProgressView;
			productName = CircleProgressView;
			productReference = 04909BFF237FCD390067F31A /* CircleProgressView.app */;
			productType = "com.apple.product-type.application";
		};
		04909C19237FCD3E0067F31A /* CircleProgressViewTests */ = {
			isa = PBXNativeTarget;
			buildConfigurationList = 04909C31237FCD3F0067F31A /* Build configuration list for PBXNativeTarget "CircleProgressViewTests" */;
			buildPhases = (
				04909C16237FCD3E0067F31A /* Sources */,
				04909C17237FCD3E0067F31A /* Frameworks */,
				04909C18237FCD3E0067F31A /* Resources */,
			);
			buildRules = (
			);
			dependencies = (
				04909C1C237FCD3E0067F31A /* PBXTargetDependency */,
			);
			name = CircleProgressViewTests;
			productName = CircleProgressViewTests;
			productReference = 04909C1A237FCD3E0067F31A /* CircleProgressViewTests.xctest */;
			productType = "com.apple.product-type.bundle.unit-test";
		};
		04909C24237FCD3F0067F31A /* CircleProgressViewUITests */ = {
			isa = PBXNativeTarget;
			buildConfigurationList = 04909C34237FCD3F0067F31A /* Build configuration list for PBXNativeTarget "CircleProgressViewUITests" */;
			buildPhases = (
				04909C21237FCD3F0067F31A /* Sources */,
				04909C22237FCD3F0067F31A /* Frameworks */,
				04909C23237FCD3F0067F31A /* Resources */,
			);
			buildRules = (
			);
			dependencies = (
				04909C27237FCD3F0067F31A /* PBXTargetDependency */,
			);
			name = CircleProgressViewUITests;
			productName = CircleProgressViewUITests;
			productReference = 04909C25237FCD3F0067F31A /* CircleProgressViewUITests.xctest */;
			productType = "com.apple.product-type.bundle.ui-testing";
		};
/* End PBXNativeTarget section */

/* Begin PBXProject section */
		04909BF7237FCD390067F31A /* Project object */ = {
			isa = PBXProject;
			attributes = {
				LastUpgradeCheck = 1110;
				ORGANIZATIONNAME = mac;
				TargetAttributes = {
					04909BFE237FCD390067F31A = {
						CreatedOnToolsVersion = 11.1;
					};
					04909C19237FCD3E0067F31A = {
						CreatedOnToolsVersion = 11.1;
						TestTargetID = 04909BFE237FCD390067F31A;
					};
					04909C24237FCD3F0067F31A = {
						CreatedOnToolsVersion = 11.1;
						TestTargetID = 04909BFE237FCD390067F31A;
					};
				};
			};
			buildConfigurationList = 04909BFA237FCD390067F31A /* Build configuration list for PBXProject "CircleProgressView" */;
			compatibilityVersion = "Xcode 9.3";
			developmentRegion = en;
			hasScannedForEncodings = 0;
			knownRegions = (
				en,
				Base,
			);
			mainGroup = 04909BF6237FCD390067F31A;
			productRefGroup = 04909C00237FCD390067F31A /* Products */;
			projectDirPath = "";
			projectRoot = "";
			targets = (
				04909BFE237FCD390067F31A /* CircleProgressView */,
				04909C19237FCD3E0067F31A /* CircleProgressViewTests */,
				04909C24237FCD3F0067F31A /* CircleProgressViewUITests */,
			);
		};
/* End PBXProject section */

/* Begin PBXResourcesBuildPhase section */
		04909BFD237FCD390067F31A /* Resources */ = {
			isa = PBXResourcesBuildPhase;
			buildActionMask = 2147483647;
			files = (
				04909C12237FCD3E0067F31A /* LaunchScreen.storyboard in Resources */,
				04909C0F237FCD3E0067F31A /* Assets.xcassets in Resources */,
				04909C0D237FCD390067F31A /* Main.storyboard in Resources */,
			);
			runOnlyForDeploymentPostprocessing = 0;
		};
		04909C18237FCD3E0067F31A /* Resources */ = {
			isa = PBXResourcesBuildPhase;
			buildActionMask = 2147483647;
			files = (
			);
			runOnlyForDeploymentPostprocessing = 0;
		};
		04909C23237FCD3F0067F31A /* Resources */ = {
			isa = PBXResourcesBuildPhase;
			buildActionMask = 2147483647;
			files = (
			);
			runOnlyForDeploymentPostprocessing = 0;
		};
/* End PBXResourcesBuildPhase section */

/* Begin PBXSourcesBuildPhase section */
		04909BFB237FCD390067F31A /* Sources */ = {
			isa = PBXSourcesBuildPhase;
			buildActionMask = 2147483647;
			files = (
				04909C39237FCD700067F31A /* CircleProgressView.m in Sources */,
				04909C0A237FCD390067F31A /* ViewController.m in Sources */,
				04909C04237FCD390067F31A /* AppDelegate.m in Sources */,
				04909C15237FCD3E0067F31A /* main.m in Sources */,
				04909C07237FCD390067F31A /* SceneDelegate.m in Sources */,
			);
			runOnlyForDeploymentPostprocessing = 0;
		};
		04909C16237FCD3E0067F31A /* Sources */ = {
			isa = PBXSourcesBuildPhase;
			buildActionMask = 2147483647;
			files = (
				04909C1F237FCD3E0067F31A /* CircleProgressViewTests.m in Sources */,
			);
			runOnlyForDeploymentPostprocessing = 0;
		};
		04909C21237FCD3F0067F31A /* Sources */ = {
			isa = PBXSourcesBuildPhase;
			buildActionMask = 2147483647;
			files = (
				04909C2A237FCD3F0067F31A /* CircleProgressViewUITests.m in Sources */,
			);
			runOnlyForDeploymentPostprocessing = 0;
		};
/* End PBXSourcesBuildPhase section */

/* Begin PBXTargetDependency section */
		04909C1C237FCD3E0067F31A /* PBXTargetDependency */ = {
			isa = PBXTargetDependency;
			target = 04909BFE237FCD390067F31A /* CircleProgressView */;
			targetProxy = 04909C1B237FCD3E0067F31A /* PBXContainerItemProxy */;
		};
		04909C27237FCD3F0067F31A /* PBXTargetDependency */ = {
			isa = PBXTargetDependency;
			target = 04909BFE237FCD390067F31A /* CircleProgressView */;
			targetProxy = 04909C26237FCD3F0067F31A /* PBXContainerItemProxy */;
		};
/* End PBXTargetDependency section */

/* Begin PBXVariantGroup section */
		04909C0B237FCD390067F31A /* Main.storyboard */ = {
			isa = PBXVariantGroup;
			children = (
				04909C0C237FCD390067F31A /* Base */,
			);
			name = Main.storyboard;
			sourceTree = "<group>";
		};
		04909C10237FCD3E0067F31A /* LaunchScreen.storyboard */ = {
			isa = PBXVariantGroup;
			children = (
				04909C11237FCD3E0067F31A /* Base */,
			);
			name = LaunchScreen.storyboard;
			sourceTree = "<group>";
		};
/* End PBXVariantGroup section */

/* Begin XCBuildConfiguration section */
		04909C2C237FCD3F0067F31A /* Debug */ = {
			isa = XCBuildConfiguration;
			buildSettings = {
				ALWAYS_SEARCH_USER_PATHS = NO;
				CLANG_ANALYZER_NONNULL = YES;
				CLANG_ANALYZER_NUMBER_OBJECT_CONVERSION = YES_AGGRESSIVE;
				CLANG_CXX_LANGUAGE_STANDARD = "gnu++14";
				CLANG_CXX_LIBRARY = "libc++";
				CLANG_ENABLE_MODULES = YES;
				CLANG_ENABLE_OBJC_ARC = YES;
				CLANG_ENABLE_OBJC_WEAK = YES;
				CLANG_WARN_BLOCK_CAPTURE_AUTORELEASING = YES;
				CLANG_WARN_BOOL_CONVERSION = YES;
				CLANG_WARN_COMMA = YES;
				CLANG_WARN_CONSTANT_CONVERSION = YES;
				CLANG_WARN_DEPRECATED_OBJC_IMPLEMENTATIONS = YES;
				CLANG_WARN_DIRECT_OBJC_ISA_USAGE = YES_ERROR;
				CLANG_WARN_DOCUMENTATION_COMMENTS = YES;
				CLANG_WARN_EMPTY_BODY = YES;
				CLANG_WARN_ENUM_CONVERSION = YES;
				CLANG_WARN_INFINITE_RECURSION = YES;
				CLANG_WARN_INT_CONVERSION = YES;
				CLANG_WARN_NON_LITERAL_NULL_CONVERSION = YES;
				CLANG_WARN_OBJC_IMPLICIT_RETAIN_SELF = YES;
				CLANG_WARN_OBJC_LITERAL_CONVERSION = YES;
				CLANG_WARN_OBJC_ROOT_CLASS = YES_ERROR;
				CLANG_WARN_RANGE_LOOP_ANALYSIS = YES;
				CLANG_WARN_STRICT_PROTOTYPES = YES;
				CLANG_WARN_SUSPICIOUS_MOVE = YES;
				CLANG_WARN_UNGUARDED_AVAILABILITY = YES_AGGRESSIVE;
				CLANG_WARN_UNREACHABLE_CODE = YES;
				CLANG_WARN__DUPLICATE_METHOD_MATCH = YES;
				COPY_PHASE_STRIP = NO;
				DEBUG_INFORMATION_FORMAT = dwarf;
				ENABLE_STRICT_OBJC_MSGSEND = YES;
				ENABLE_TESTABILITY = YES;
				GCC_C_LANGUAGE_STANDARD = gnu11;
				GCC_DYNAMIC_NO_PIC = NO;
				GCC_NO_COMMON_BLOCKS = YES;
				GCC_OPTIMIZATION_LEVEL = 0;
				GCC_PREPROCESSOR_DEFINITIONS = (
					"DEBUG=1",
					"$(inherited)",
				);
				GCC_WARN_64_TO_32_BIT_CONVERSION = YES;
				GCC_WARN_ABOUT_RETURN_TYPE = YES_ERROR;
				GCC_WARN_UNDECLARED_SELECTOR = YES;
				GCC_WARN_UNINITIALIZED_AUTOS = YES_AGGRESSIVE;
				GCC_WARN_UNUSED_FUNCTION = YES;
				GCC_WARN_UNUSED_VARIABLE = YES;
				IPHONEOS_DEPLOYMENT_TARGET = 13.1;
				MTL_ENABLE_DEBUG_INFO = INCLUDE_SOURCE;
				MTL_FAST_MATH = YES;
				ONLY_ACTIVE_ARCH = YES;
				SDKROOT = iphoneos;
			};
			name = Debug;
		};
		04909C2D237FCD3F0067F31A /* Release */ = {
			isa = XCBuildConfiguration;
			buildSettings = {
				ALWAYS_SEARCH_USER_PATHS = NO;
				CLANG_ANALYZER_NONNULL = YES;
				CLANG_ANALYZER_NUMBER_OBJECT_CONVERSION = YES_AGGRESSIVE;
				CLANG_CXX_LANGUAGE_STANDARD = "gnu++14";
				CLANG_CXX_LIBRARY = "libc++";
				CLANG_ENABLE_MODULES = YES;
				CLANG_ENABLE_OBJC_ARC = YES;
				CLANG_ENABLE_OBJC_WEAK = YES;
				CLANG_WARN_BLOCK_CAPTURE_AUTORELEASING = YES;
				CLANG_WARN_BOOL_CONVERSION = YES;
				CLANG_WARN_COMMA = YES;
				CLANG_WARN_CONSTANT_CONVERSION = YES;
				CLANG_WARN_DEPRECATED_OBJC_IMPLEMENTATIONS = YES;
				CLANG_WARN_DIRECT_OBJC_ISA_USAGE = YES_ERROR;
				CLANG_WARN_DOCUMENTATION_COMMENTS = YES;
				CLANG_WARN_EMPTY_BODY = YES;
				CLANG_WARN_ENUM_CONVERSION = YES;
				CLANG_WARN_INFINITE_RECURSION = YES;
				CLANG_WARN_INT_CONVERSION = YES;
				CLANG_WARN_NON_LITERAL_NULL_CONVERSION = YES;
				CLANG_WARN_OBJC_IMPLICIT_RETAIN_SELF = YES;
				CLANG_WARN_OBJC_LITERAL_CONVERSION = YES;
				CLANG_WARN_OBJC_ROOT_CLASS = YES_ERROR;
				CLANG_WARN_RANGE_LOOP_ANALYSIS = YES;
				CLANG_WARN_STRICT_PROTOTYPES = YES;
				CLANG_WARN_SUSPICIOUS_MOVE = YES;
				CLANG_WARN_UNGUARDED_AVAILABILITY = YES_AGGRESSIVE;
				CLANG_WARN_UNREACHABLE_CODE = YES;
				CLANG_WARN__DUPLICATE_METHOD_MATCH = YES;
				COPY_PHASE_STRIP = NO;
				DEBUG_INFORMATION_FORMAT = "dwarf-with-dsym";
				ENABLE_NS_ASSERTIONS = NO;
				ENABLE_STRICT_OBJC_MSGSEND = YES;
				GCC_C_LANGUAGE_STANDARD = gnu11;
				GCC_NO_COMMON_BLOCKS = YES;
				GCC_WARN_64_TO_32_BIT_CONVERSION = YES;
				GCC_WARN_ABOUT_RETURN_TYPE = YES_ERROR;
				GCC_WARN_UNDECLARED_SELECTOR = YES;
				GCC_WARN_UNINITIALIZED_AUTOS = YES_AGGRESSIVE;
				GCC_WARN_UNUSED_FUNCTION = YES;
				GCC_WARN_UNUSED_VARIABLE = YES;
				IPHONEOS_DEPLOYMENT_TARGET = 13.1;
				MTL_ENABLE_DEBUG_INFO = NO;
				MTL_FAST_MATH = YES;
				SDKROOT = iphoneos;
				VALIDATE_PRODUCT = YES;
			};
			name = Release;
		};
		04909C2F237FCD3F0067F31A /* Debug */ = {
			isa = XCBuildConfiguration;
			buildSettings = {
				ASSETCATALOG_COMPILER_APPICON_NAME = AppIcon;
				CODE_SIGN_STYLE = Automatic;
				DEVELOPMENT_TEAM = C3FJ5PY59X;
				INFOPLIST_FILE = CircleProgressView/Info.plist;
				LD_RUNPATH_SEARCH_PATHS = (
					"$(inherited)",
					"@executable_path/Frameworks",
				);
				PRODUCT_BUNDLE_IDENTIFIER = HB.CircleProgressView;
				PRODUCT_NAME = "$(TARGET_NAME)";
				TARGETED_DEVICE_FAMILY = "1,2";
			};
			name = Debug;
		};
		04909C30237FCD3F0067F31A /* Release */ = {
			isa = XCBuildConfiguration;
			buildSettings = {
				ASSETCATALOG_COMPILER_APPICON_NAME = AppIcon;
				CODE_SIGN_STYLE = Automatic;
				DEVELOPMENT_TEAM = C3FJ5PY59X;
				INFOPLIST_FILE = CircleProgressView/Info.plist;
				LD_RUNPATH_SEARCH_PATHS = (
					"$(inherited)",
					"@executable_path/Frameworks",
				);
				PRODUCT_BUNDLE_IDENTIFIER = HB.CircleProgressView;
				PRODUCT_NAME = "$(TARGET_NAME)";
				TARGETED_DEVICE_FAMILY = "1,2";
			};
			name = Release;
		};
		04909C32237FCD3F0067F31A /* Debug */ = {
			isa = XCBuildConfiguration;
			buildSettings = {
				BUNDLE_LOADER = "$(TEST_HOST)";
				CODE_SIGN_STYLE = Automatic;
				DEVELOPMENT_TEAM = C3FJ5PY59X;
				INFOPLIST_FILE = CircleProgressViewTests/Info.plist;
				IPHONEOS_DEPLOYMENT_TARGET = 13.1;
				LD_RUNPATH_SEARCH_PATHS = (
					"$(inherited)",
					"@executable_path/Frameworks",
					"@loader_path/Frameworks",
				);
				PRODUCT_BUNDLE_IDENTIFIER = HB.CircleProgressViewTests;
				PRODUCT_NAME = "$(TARGET_NAME)";
				TARGETED_DEVICE_FAMILY = "1,2";
				TEST_HOST = "$(BUILT_PRODUCTS_DIR)/CircleProgressView.app/CircleProgressView";
			};
			name = Debug;
		};
		04909C33237FCD3F0067F31A /* Release */ = {
			isa = XCBuildConfiguration;
			buildSettings = {
				BUNDLE_LOADER = "$(TEST_HOST)";
				CODE_SIGN_STYLE = Automatic;
				DEVELOPMENT_TEAM = C3FJ5PY59X;
				INFOPLIST_FILE = CircleProgressViewTests/Info.plist;
				IPHONEOS_DEPLOYMENT_TARGET = 13.1;
				LD_RUNPATH_SEARCH_PATHS = (
					"$(inherited)",
					"@executable_path/Frameworks",
					"@loader_path/Frameworks",
				);
				PRODUCT_BUNDLE_IDENTIFIER = HB.CircleProgressViewTests;
				PRODUCT_NAME = "$(TARGET_NAME)";
				TARGETED_DEVICE_FAMILY = "1,2";
				TEST_HOST = "$(BUILT_PRODUCTS_DIR)/CircleProgressView.app/CircleProgressView";
			};
			name = Release;
		};
		04909C35237FCD3F0067F31A /* Debug */ = {
			isa = XCBuildConfiguration;
			buildSettings = {
				CODE_SIGN_STYLE = Automatic;
				DEVELOPMENT_TEAM = C3FJ5PY59X;
				INFOPLIST_FILE = CircleProgressViewUITests/Info.plist;
				LD_RUNPATH_SEARCH_PATHS = (
					"$(inherited)",
					"@executable_path/Frameworks",
					"@loader_path/Frameworks",
				);
				PRODUCT_BUNDLE_IDENTIFIER = HB.CircleProgressViewUITests;
				PRODUCT_NAME = "$(TARGET_NAME)";
				TARGETED_DEVICE_FAMILY = "1,2";
				TEST_TARGET_NAME = CircleProgressView;
			};
			name = Debug;
		};
		04909C36237FCD3F0067F31A /* Release */ = {
			isa = XCBuildConfiguration;
			buildSettings = {
				CODE_SIGN_STYLE = Automatic;
				DEVELOPMENT_TEAM = C3FJ5PY59X;
				INFOPLIST_FILE = CircleProgressViewUITests/Info.plist;
				LD_RUNPATH_SEARCH_PATHS = (
					"$(inherited)",
					"@executable_path/Frameworks",
					"@loader_path/Frameworks",
				);
				PRODUCT_BUNDLE_IDENTIFIER = HB.CircleProgressViewUITests;
				PRODUCT_NAME = "$(TARGET_NAME)";
				TARGETED_DEVICE_FAMILY = "1,2";
				TEST_TARGET_NAME = CircleProgressView;
			};
			name = Release;
		};
/* End XCBuildConfiguration section */

/* Begin XCConfigurationList section */
		04909BFA237FCD390067F31A /* Build configuration list for PBXProject "CircleProgressView" */ = {
			isa = XCConfigurationList;
			buildConfigurations = (
				04909C2C237FCD3F0067F31A /* Debug */,
				04909C2D237FCD3F0067F31A /* Release */,
			);
			defaultConfigurationIsVisible = 0;
			defaultConfigurationName = Release;
		};
		04909C2E237FCD3F0067F31A /* Build configuration list for PBXNativeTarget "CircleProgressView" */ = {
			isa = XCConfigurationList;
			buildConfigurations = (
				04909C2F237FCD3F0067F31A /* Debug */,
				04909C30237FCD3F0067F31A /* Release */,
			);
			defaultConfigurationIsVisible = 0;
			defaultConfigurationName = Release;
		};
		04909C31237FCD3F0067F31A /* Build configuration list for PBXNativeTarget "CircleProgressViewTests" */ = {
			isa = XCConfigurationList;
			buildConfigurations = (
				04909C32237FCD3F0067F31A /* Debug */,
				04909C33237FCD3F0067F31A /* Release */,
			);
			defaultConfigurationIsVisible = 0;
			defaultConfigurationName = Release;
		};
		04909C34237FCD3F0067F31A /* Build configuration list for PBXNativeTarget "CircleProgressViewUITests" */ = {
			isa = XCConfigurationList;
			buildConfigurations = (
				04909C35237FCD3F0067F31A /* Debug */,
				04909C36237FCD3F0067F31A /* Release */,
			);
			defaultConfigurationIsVisible = 0;
			defaultConfigurationName = Release;
		};
/* End XCConfigurationList section */
	};
	rootObject = 04909BF7237FCD390067F31A /* Project object */;
}
